
Microsoft Visual Studio Solution File, Format Version 11.00
# Visual Studio 2010
Project("{FAE04EC0-301F-11D3-BF4B-00C04F79EFBC}") = "Matrici", "Matrici\Matrici.csproj", "{4B99971C-E1C7-4108-9B70-A808B93E4A9A}"
EndProject
Global
	GlobalSection(SolutionConfigurationPlatforms) = preSolution
		Debug|x86 = Debug|x86
		Release|x86 = Release|x86
	EndGlobalSection
	GlobalSection(ProjectConfigurationPlatforms) = postSolution
		{4B99971C-E1C7-4108-9B70-A808B93E4A9A}.Debug|x86.ActiveCfg = Debug|x86
		{4B99971C-E1C7-4108-9B70-A808B93E4A9A}.Debug|x86.Build.0 = Debug|x86
		{4B99971C-E1C7-4108-9B70-A808B93E4A9A}.Release|x86.ActiveCfg = Release|x86
		{4B99971C-E1C7-4108-9B70-A808B93E4A9A}.Release|x86.Build.0 = Release|x86
	EndGlobalSection
	GlobalSection(MonoDevelopProperties) = preSolution
		StartupItem = Matrici\Matrici.csproj
	EndGlobalSection
EndGlobal
